
Microsoft Visual Studio Solution File, Format Version 12.00
# Visual Studio Version 17
VisualStudioVersion = 17.11.35222.181
MinimumVisualStudioVersion = 10.0.40219.1
Project("{FAE04EC0-301F-11D3-BF4B-00C04F79EFBC}") = "StorageAutomotiveProducts", "StorageAutomotiveProducts\StorageAutomotiveProducts.csproj", "{3E0D398C-A525-4589-90E1-D80FA6AA98C5}"
EndProject
Global
	GlobalSection(SolutionConfigurationPlatforms) = preSolution
		Debug|Any CPU = Debug|Any CPU
		Release|Any CPU = Release|Any CPU
	EndGlobalSection
	GlobalSection(ProjectConfigurationPlatforms) = postSolution
		{3E0D398C-A525-4589-90E1-D80FA6AA98C5}.Debug|Any CPU.ActiveCfg = Debug|Any CPU
		{3E0D398C-A525-4589-90E1-D80FA6AA98C5}.Debug|Any CPU.Build.0 = Debug|Any CPU
		{3E0D398C-A525-4589-90E1-D80FA6AA98C5}.Release|Any CPU.ActiveCfg = Release|Any CPU
		{3E0D398C-A525-4589-90E1-D80FA6AA98C5}.Release|Any CPU.Build.0 = Release|Any CPU
	EndGlobalSection
	GlobalSection(SolutionProperties) = preSolution
		HideSolutionNode = FALSE
	EndGlobalSection
	GlobalSection(ExtensibilityGlobals) = postSolution
		SolutionGuid = {9F6852F2-2208-4ABC-881C-0665124AF9FA}
	EndGlobalSection
EndGlobal
